hash: 397c25cad098e9effa5a3835f4854c9bc41746c6cdfd9f3e7f98bbc58eff9910
updated: 2017-09-20T16:47:56.323351436-07:00
imports:
- name: github.com/apid/apid-core
  version: 9f82f2b62a515db3f804138906524943836853bf
  subpackages:
  - api
  - config
  - data
  - data/wrap
  - events
  - factory
  - logger
- name: github.com/apid/goscaffold
  version: 8e87c1fe3bd4a16330f61dc27975a92d68f0ff42
- name: github.com/fsnotify/fsnotify
  version: 4da3e2cfbabc9f751898f250b49f2439785783a1
- name: github.com/gorilla/context
  version: 08b5f424b9271eedf6f9f0ce86cb9396ed337a42
- name: github.com/gorilla/mux
  version: 392c28fe23e1c45ddba891b0320b3b5df220beea
- name: github.com/hashicorp/hcl
  version: 8f6b1344a92ff8877cf24a5de9177bf7d0a2a187
  subpackages:
  - hcl/ast
  - hcl/parser
  - hcl/scanner
  - hcl/strconv
  - hcl/token
  - json/parser
  - json/scanner
  - json/token
- name: github.com/julienschmidt/httprouter
  version: 8c199fb6259ffc1af525cc3ad52ee60ba8359669
- name: github.com/justinas/alice
  version: 1051eaf52fcafdd87ead59d28b065f1fcb8274ec
- name: github.com/magiconair/properties
  version: 8d7837e64d3c1ee4e54a880c5a920ab4316fc90a
- name: github.com/mattn/go-sqlite3
  version: ca5e3819723d8eeaf170ad510e7da1d6d2e94a08
- name: github.com/mitchellh/mapstructure
  version: d0303fe809921458f417bcf828397a65db30a7e4
- name: github.com/pelletier/go-toml
  version: 1d6b12b7cb290426e27e6b4e38b89fcda3aeef03
- name: github.com/SermoDigital/jose
  version: 2bd9b81ac51d6d6134fcd4fd846bd2e7347a15f9
  subpackages:
  - crypto
  - jws
  - jwt
- name: github.com/Sirupsen/logrus
  version: d26492970760ca5d33129d2d799e34be5c4782eb
- name: github.com/spf13/afero
  version: ee1bd8ee15a1306d1f9201acc41ef39cd9f99a1b
  subpackages:
  - mem
- name: github.com/spf13/cast
  version: acbeb36b902d72a7a4c18e8f3241075e7ab763e4
- name: github.com/spf13/jwalterweatherman
  version: 12bd96e66386c1960ab0f74ced1362f66f552f7b
- name: github.com/spf13/pflag
  version: 9ff6c6923cfffbcd502984b8e0c80539a94968b7
- name: github.com/spf13/viper
  version: 5ed0fc31f7f453625df314d8e66b9791e8d13003
- name: golang.org/x/net
  version: b129b8e0fbeb39c8358e51a07ab6c50ad415e72e
  subpackages:
  - context
- name: golang.org/x/sys
  version: 062cd7e4e68206d8bab9b18396626e855c992658
  subpackages:
  - unix
- name: golang.org/x/text
  version: acd49d43e9b95df46670431bf5c7ae59586daad8
  subpackages:
  - transform
  - unicode/norm
- name: gopkg.in/yaml.v2
  version: eb3733d160e74a9c7e442f435eb3bea458e1d19f
testImports: []
