hash: 969749bacd2241305eab4db64f52d77f330d29801498257ffdccbc8f06b0a99c
updated: 2017-05-02T23:16:50.505141218-07:00
imports:
- name: github.com/30x/apid-core
  version: b601a5f26268b404a32fbd104dafb6f98d47934c
  subpackages:
  - api
  - config
  - data
  - data/wrap
  - events
  - factory
  - logger
- name: github.com/30x/goscaffold
  version: 68835e7a23284346c2a11ad43effe69197c71b26
- name: github.com/fsnotify/fsnotify
  version: a904159b9206978bb6d53fcc7a769e5cd726c737
- name: github.com/gorilla/context
  version: 08b5f424b9271eedf6f9f0ce86cb9396ed337a42
- name: github.com/gorilla/mux
  version: 392c28fe23e1c45ddba891b0320b3b5df220beea
- name: github.com/hashicorp/hcl
  version: 630949a3c5fa3c613328e1b8256052cbc2327c9b
  subpackages:
  - hcl/ast
  - hcl/parser
  - hcl/scanner
  - hcl/strconv
  - hcl/token
  - json/parser
  - json/scanner
  - json/token
- name: github.com/julienschmidt/httprouter
  version: 6f3f3919c8781ce5c0509c83fffc887a7830c938
- name: github.com/justinas/alice
  version: 1051eaf52fcafdd87ead59d28b065f1fcb8274ec
- name: github.com/magiconair/properties
  version: b3b15ef068fd0b17ddf408a23669f20811d194d2
- name: github.com/mattn/go-sqlite3
  version: ca5e3819723d8eeaf170ad510e7da1d6d2e94a08
- name: github.com/mitchellh/mapstructure
  version: db1efb556f84b25a0a13a04aad883943538ad2e0
- name: github.com/pelletier/go-buffruneio
  version: df1e16fde7fc330a0ca68167c23bf7ed6ac31d6d
- name: github.com/pelletier/go-toml
  version: 22139eb5469018e7374b3e7ef653de37ffb44f72
- name: github.com/proullon/ramsql
  version: 647ba4b3f57d857065183608f5ec75156bfd4cf1
  subpackages:
  - driver
  - engine
  - engine/log
  - engine/parser
  - engine/protocol
- name: github.com/SermoDigital/jose
  version: 2bd9b81ac51d6d6134fcd4fd846bd2e7347a15f9
  subpackages:
  - crypto
  - jws
  - jwt
- name: github.com/Sirupsen/logrus
  version: d26492970760ca5d33129d2d799e34be5c4782eb
- name: github.com/spf13/afero
  version: 9be650865eab0c12963d8753212f4f9c66cdcf12
  subpackages:
  - mem
- name: github.com/spf13/cast
  version: d1139bab1c07d5ad390a65e7305876b3c1a8370b
- name: github.com/spf13/jwalterweatherman
  version: fa7ca7e836cf3a8bb4ebf799f472c12d7e903d66
- name: github.com/spf13/pflag
  version: 9a906f17374922ed0f74e1b2f593d3723f2ffb00
- name: github.com/spf13/viper
  version: 5ed0fc31f7f453625df314d8e66b9791e8d13003
- name: golang.org/x/net
  version: 6b27048ae5e6ad1ef927e72e437531493de612fe
  subpackages:
  - context
- name: golang.org/x/sys
  version: 075e574b89e4c2d22f2286a7e2b919519c6f3547
  subpackages:
  - unix
- name: golang.org/x/text
  version: 85c29909967d7f171f821e7a42e7b7af76fb9598
  subpackages:
  - transform
  - unicode/norm
- name: gopkg.in/yaml.v2
  version: a3f3340b5840cee44f372bddb5880fcbc419b46a
testImports: []
